// !$*UTF8*$!
{
	archiveVersion = 1;
	classes = {
	};
	objectVersion = 52;
	objects = {

/* Begin PBXBuildFile section */
		9082F70225D0E31D007285BB /* AppDelegate.swift in Sources */ = {isa = PBXBuildFile; fileRef = 9082F70125D0E31D007285BB /* AppDelegate.swift */; };
		9082F70425D0E31D007285BB /* SceneDelegate.swift in Sources */ = {isa = PBXBuildFile; fileRef = 9082F70325D0E31D007285BB /* SceneDelegate.swift */; };
		9082F70625D0E31D007285BB /* ContentView.swift in Sources */ = {isa = PBXBuildFile; fileRef = 9082F70525D0E31D007285BB /* ContentView.swift */; };
		9082F70825D0E321007285BB /* Assets.xcassets in Resources */ = {isa = PBXBuildFile; fileRef = 9082F70725D0E321007285BB /* Assets.xcassets */; };
		9082F70B25D0E321007285BB /* Preview Assets.xcassets in Resources */ = {isa = PBXBuildFile; fileRef = 9082F70A25D0E321007285BB /* Preview Assets.xcassets */; };
		9082F70E25D0E321007285BB /* LaunchScreen.storyboard in Resources */ = {isa = PBXBuildFile; fileRef = 9082F70C25D0E321007285BB /* LaunchScreen.storyboard */; };
		9082F71825D0E74D007285BB /* SwiftyJSON in Frameworks */ = {isa = PBXBuildFile; productRef = 9082F71725D0E74D007285BB /* SwiftyJSON */; };
		9082F71C25D0E820007285BB /* SDWebImageSwiftUI in Frameworks */ = {isa = PBXBuildFile; productRef = 9082F71B25D0E820007285BB /* SDWebImageSwiftUI */; };
		9082F72225D0EABE007285BB /* News.swift in Sources */ = {isa = PBXBuildFile; fileRef = 9082F72125D0EABE007285BB /* News.swift */; };
		9082F72525D0ED1D007285BB /* NewsViewModel.swift in Sources */ = {isa = PBXBuildFile; fileRef = 9082F72425D0ED1D007285BB /* NewsViewModel.swift */; };
/* End PBXBuildFile section */

/* Begin PBXFileReference section */
		9082F6FE25D0E31D007285BB /* NewsUI.app */ = {isa = PBXFileReference; explicitFileType = wrapper.application; includeInIndex = 0; path = NewsUI.app; sourceTree = BUILT_PRODUCTS_DIR; };
		9082F70125D0E31D007285BB /* AppDelegate.swift */ = {isa = PBXFileReference; lastKnownFileType = sourcecode.swift; path = AppDelegate.swift; sourceTree = "<group>"; };
		9082F70325D0E31D007285BB /* SceneDelegate.swift */ = {isa = PBXFileReference; lastKnownFileType = sourcecode.swift; path = SceneDelegate.swift; sourceTree = "<group>"; };
		9082F70525D0E31D007285BB /* ContentView.swift */ = {isa = PBXFileReference; lastKnownFileType = sourcecode.swift; path = ContentView.swift; sourceTree = "<group>"; };
		9082F70725D0E321007285BB /* Assets.xcassets */ = {isa = PBXFileReference; lastKnownFileType = folder.assetcatalog; path = Assets.xcassets; sourceTree = "<group>"; };
		9082F70A25D0E321007285BB /* Preview Assets.xcassets */ = {isa = PBXFileReference; lastKnownFileType = folder.assetcatalog; path = "Preview Assets.xcassets"; sourceTree = "<group>"; };
		9082F70D25D0E321007285BB /* Base */ = {isa = PBXFileReference; lastKnownFileType = file.storyboard; name = Base; path = Base.lproj/LaunchScreen.storyboard; sourceTree = "<group>"; };
		9082F70F25D0E321007285BB /* Info.plist */ = {isa = PBXFileReference; lastKnownFileType = text.plist.xml; path = Info.plist; sourceTree = "<group>"; };
		9082F72125D0EABE007285BB /* News.swift */ = {isa = PBXFileReference; lastKnownFileType = sourcecode.swift; path = News.swift; sourceTree = "<group>"; };
		9082F72425D0ED1D007285BB /* NewsViewModel.swift */ = {isa = PBXFileReference; lastKnownFileType = sourcecode.swift; path = NewsViewModel.swift; sourceTree = "<group>"; };
/* End PBXFileReference section */

/* Begin PBXFrameworksBuildPhase section */
		9082F6FB25D0E31D007285BB /* Frameworks */ = {
			isa = PBXFrameworksBuildPhase;
			buildActionMask = 2147483647;
			files = (
				9082F71C25D0E820007285BB /* SDWebImageSwiftUI in Frameworks */,
				9082F71825D0E74D007285BB /* SwiftyJSON in Frameworks */,
			);
			runOnlyForDeploymentPostprocessing = 0;
		};
/* End PBXFrameworksBuildPhase section */

/* Begin PBXGroup section */
		9082F6F525D0E31D007285BB = {
			isa = PBXGroup;
			children = (
				9082F70025D0E31D007285BB /* NewsUI */,
				9082F6FF25D0E31D007285BB /* Products */,
			);
			sourceTree = "<group>";
		};
		9082F6FF25D0E31D007285BB /* Products */ = {
			isa = PBXGroup;
			children = (
				9082F6FE25D0E31D007285BB /* NewsUI.app */,
			);
			name = Products;
			sourceTree = "<group>";
		};
		9082F70025D0E31D007285BB /* NewsUI */ = {
			isa = PBXGroup;
			children = (
				9082F72025D0EA45007285BB /* View */,
				9082F71F25D0EA3D007285BB /* ViewModel */,
				9082F71E25D0EA33007285BB /* Model */,
				9082F70125D0E31D007285BB /* AppDelegate.swift */,
				9082F70325D0E31D007285BB /* SceneDelegate.swift */,
				9082F70725D0E321007285BB /* Assets.xcassets */,
				9082F70C25D0E321007285BB /* LaunchScreen.storyboard */,
				9082F70F25D0E321007285BB /* Info.plist */,
				9082F70925D0E321007285BB /* Preview Content */,
			);
			path = NewsUI;
			sourceTree = "<group>";
		};
		9082F70925D0E321007285BB /* Preview Content */ = {
			isa = PBXGroup;
			children = (
				9082F70A25D0E321007285BB /* Preview Assets.xcassets */,
			);
			path = "Preview Content";
			sourceTree = "<group>";
		};
		9082F71E25D0EA33007285BB /* Model */ = {
			isa = PBXGroup;
			children = (
				9082F72125D0EABE007285BB /* News.swift */,
			);
			path = Model;
			sourceTree = "<group>";
		};
		9082F71F25D0EA3D007285BB /* ViewModel */ = {
			isa = PBXGroup;
			children = (
				9082F72425D0ED1D007285BB /* NewsViewModel.swift */,
			);
			path = ViewModel;
			sourceTree = "<group>";
		};
		9082F72025D0EA45007285BB /* View */ = {
			isa = PBXGroup;
			children = (
				9082F70525D0E31D007285BB /* ContentView.swift */,
			);
			path = View;
			sourceTree = "<group>";
		};
/* End PBXGroup section */

/* Begin PBXNativeTarget section */
		9082F6FD25D0E31D007285BB /* NewsUI */ = {
			isa = PBXNativeTarget;
			buildConfigurationList = 9082F71225D0E321007285BB /* Build configuration list for PBXNativeTarget "NewsUI" */;
			buildPhases = (
				9082F6FA25D0E31D007285BB /* Sources */,
				9082F6FB25D0E31D007285BB /* Frameworks */,
				9082F6FC25D0E31D007285BB /* Resources */,
			);
			buildRules = (
			);
			dependencies = (
			);
			name = NewsUI;
			packageProductDependencies = (
				9082F71725D0E74D007285BB /* SwiftyJSON */,
				9082F71B25D0E820007285BB /* SDWebImageSwiftUI */,
			);
			productName = NewsUI;
			productReference = 9082F6FE25D0E31D007285BB /* NewsUI.app */;
			productType = "com.apple.product-type.application";
		};
/* End PBXNativeTarget section */

/* Begin PBXProject section */
		9082F6F625D0E31D007285BB /* Project object */ = {
			isa = PBXProject;
			attributes = {
				LastSwiftUpdateCheck = 1240;
				LastUpgradeCheck = 1240;
				TargetAttributes = {
					9082F6FD25D0E31D007285BB = {
						CreatedOnToolsVersion = 12.4;
					};
				};
			};
			buildConfigurationList = 9082F6F925D0E31D007285BB /* Build configuration list for PBXProject "NewsUI" */;
			compatibilityVersion = "Xcode 9.3";
			developmentRegion = en;
			hasScannedForEncodings = 0;
			knownRegions = (
				en,
				Base,
			);
			mainGroup = 9082F6F525D0E31D007285BB;
			packageReferences = (
				9082F71625D0E74D007285BB /* XCRemoteSwiftPackageReference "SwiftyJSON" */,
				9082F71A25D0E820007285BB /* XCRemoteSwiftPackageReference "SDWebImageSwiftUI" */,
			);
			productRefGroup = 9082F6FF25D0E31D007285BB /* Products */;
			projectDirPath = "";
			projectRoot = "";
			targets = (
				9082F6FD25D0E31D007285BB /* NewsUI */,
			);
		};
/* End PBXProject section */

/* Begin PBXResourcesBuildPhase section */
		9082F6FC25D0E31D007285BB /* Resources */ = {
			isa = PBXResourcesBuildPhase;
			buildActionMask = 2147483647;
			files = (
				9082F70E25D0E321007285BB /* LaunchScreen.storyboard in Resources */,
				9082F70B25D0E321007285BB /* Preview Assets.xcassets in Resources */,
				9082F70825D0E321007285BB /* Assets.xcassets in Resources */,
			);
			runOnlyForDeploymentPostprocessing = 0;
		};
/* End PBXResourcesBuildPhase section */

/* Begin PBXSourcesBuildPhase section */
		9082F6FA25D0E31D007285BB /* Sources */ = {
			isa = PBXSourcesBuildPhase;
			buildActionMask = 2147483647;
			files = (
				9082F70225D0E31D007285BB /* AppDelegate.swift in Sources */,
				9082F70425D0E31D007285BB /* SceneDelegate.swift in Sources */,
				9082F72525D0ED1D007285BB /* NewsViewModel.swift in Sources */,
				9082F72225D0EABE007285BB /* News.swift in Sources */,
				9082F70625D0E31D007285BB /* ContentView.swift in Sources */,
			);
			runOnlyForDeploymentPostprocessing = 0;
		};
/* End PBXSourcesBuildPhase section */

/* Begin PBXVariantGroup section */
		9082F70C25D0E321007285BB /* LaunchScreen.storyboard */ = {
			isa = PBXVariantGroup;
			children = (
				9082F70D25D0E321007285BB /* Base */,
			);
			name = LaunchScreen.storyboard;
			sourceTree = "<group>";
		};
/* End PBXVariantGroup section */

/* Begin XCBuildConfiguration section */
		9082F71025D0E321007285BB /* Debug */ = {
			isa = XCBuildConfiguration;
			buildSettings = {
				ALWAYS_SEARCH_USER_PATHS = NO;
				CLANG_ANALYZER_NONNULL = YES;
				CLANG_ANALYZER_NUMBER_OBJECT_CONVERSION = YES_AGGRESSIVE;
				CLANG_CXX_LANGUAGE_STANDARD = "gnu++14";
				CLANG_CXX_LIBRARY = "libc++";
				CLANG_ENABLE_MODULES = YES;
				CLANG_ENABLE_OBJC_ARC = YES;
				CLANG_ENABLE_OBJC_WEAK = YES;
				CLANG_WARN_BLOCK_CAPTURE_AUTORELEASING = YES;
				CLANG_WARN_BOOL_CONVERSION = YES;
				CLANG_WARN_COMMA = YES;
				CLANG_WARN_CONSTANT_CONVERSION = YES;
				CLANG_WARN_DEPRECATED_OBJC_IMPLEMENTATIONS = YES;
				CLANG_WARN_DIRECT_OBJC_ISA_USAGE = YES_ERROR;
				CLANG_WARN_DOCUMENTATION_COMMENTS = YES;
				CLANG_WARN_EMPTY_BODY = YES;
				CLANG_WARN_ENUM_CONVERSION = YES;
				CLANG_WARN_INFINITE_RECURSION = YES;
				CLANG_WARN_INT_CONVERSION = YES;
				CLANG_WARN_NON_LITERAL_NULL_CONVERSION = YES;
				CLANG_WARN_OBJC_IMPLICIT_RETAIN_SELF = YES;
				CLANG_WARN_OBJC_LITERAL_CONVERSION = YES;
				CLANG_WARN_OBJC_ROOT_CLASS = YES_ERROR;
				CLANG_WARN_QUOTED_INCLUDE_IN_FRAMEWORK_HEADER = YES;
				CLANG_WARN_RANGE_LOOP_ANALYSIS = YES;
				CLANG_WARN_STRICT_PROTOTYPES = YES;
				CLANG_WARN_SUSPICIOUS_MOVE = YES;
				CLANG_WARN_UNGUARDED_AVAILABILITY = YES_AGGRESSIVE;
				CLANG_WARN_UNREACHABLE_CODE = YES;
				CLANG_WARN__DUPLICATE_METHOD_MATCH = YES;
				COPY_PHASE_STRIP = NO;
				DEBUG_INFORMATION_FORMAT = dwarf;
				ENABLE_STRICT_OBJC_MSGSEND = YES;
				ENABLE_TESTABILITY = YES;
				GCC_C_LANGUAGE_STANDARD = gnu11;
				GCC_DYNAMIC_NO_PIC = NO;
				GCC_NO_COMMON_BLOCKS = YES;
				GCC_OPTIMIZATION_LEVEL = 0;
				GCC_PREPROCESSOR_DEFINITIONS = (
					"DEBUG=1",
					"$(inherited)",
				);
				GCC_WARN_64_TO_32_BIT_CONVERSION = YES;
				GCC_WARN_ABOUT_RETURN_TYPE = YES_ERROR;
				GCC_WARN_UNDECLARED_SELECTOR = YES;
				GCC_WARN_UNINITIALIZED_AUTOS = YES_AGGRESSIVE;
				GCC_WARN_UNUSED_FUNCTION = YES;
				GCC_WARN_UNUSED_VARIABLE = YES;
				IPHONEOS_DEPLOYMENT_TARGET = 14.4;
				MTL_ENABLE_DEBUG_INFO = INCLUDE_SOURCE;
				MTL_FAST_MATH = YES;
				ONLY_ACTIVE_ARCH = YES;
				SDKROOT = iphoneos;
				SWIFT_ACTIVE_COMPILATION_CONDITIONS = DEBUG;
				SWIFT_OPTIMIZATION_LEVEL = "-Onone";
			};
			name = Debug;
		};
		9082F71125D0E321007285BB /* Release */ = {
			isa = XCBuildConfiguration;
			buildSettings = {
				ALWAYS_SEARCH_USER_PATHS = NO;
				CLANG_ANALYZER_NONNULL = YES;
				CLANG_ANALYZER_NUMBER_OBJECT_CONVERSION = YES_AGGRESSIVE;
				CLANG_CXX_LANGUAGE_STANDARD = "gnu++14";
				CLANG_CXX_LIBRARY = "libc++";
				CLANG_ENABLE_MODULES = YES;
				CLANG_ENABLE_OBJC_ARC = YES;
				CLANG_ENABLE_OBJC_WEAK = YES;
				CLANG_WARN_BLOCK_CAPTURE_AUTORELEASING = YES;
				CLANG_WARN_BOOL_CONVERSION = YES;
				CLANG_WARN_COMMA = YES;
				CLANG_WARN_CONSTANT_CONVERSION = YES;
				CLANG_WARN_DEPRECATED_OBJC_IMPLEMENTATIONS = YES;
				CLANG_WARN_DIRECT_OBJC_ISA_USAGE = YES_ERROR;
				CLANG_WARN_DOCUMENTATION_COMMENTS = YES;
				CLANG_WARN_EMPTY_BODY = YES;
				CLANG_WARN_ENUM_CONVERSION = YES;
				CLANG_WARN_INFINITE_RECURSION = YES;
				CLANG_WARN_INT_CONVERSION = YES;
				CLANG_WARN_NON_LITERAL_NULL_CONVERSION = YES;
				CLANG_WARN_OBJC_IMPLICIT_RETAIN_SELF = YES;
				CLANG_WARN_OBJC_LITERAL_CONVERSION = YES;
				CLANG_WARN_OBJC_ROOT_CLASS = YES_ERROR;
				CLANG_WARN_QUOTED_INCLUDE_IN_FRAMEWORK_HEADER = YES;
				CLANG_WARN_RANGE_LOOP_ANALYSIS = YES;
				CLANG_WARN_STRICT_PROTOTYPES = YES;
				CLANG_WARN_SUSPICIOUS_MOVE = YES;
				CLANG_WARN_UNGUARDED_AVAILABILITY = YES_AGGRESSIVE;
				CLANG_WARN_UNREACHABLE_CODE = YES;
				CLANG_WARN__DUPLICATE_METHOD_MATCH = YES;
				COPY_PHASE_STRIP = NO;
				DEBUG_INFORMATION_FORMAT = "dwarf-with-dsym";
				ENABLE_NS_ASSERTIONS = NO;
				ENABLE_STRICT_OBJC_MSGSEND = YES;
				GCC_C_LANGUAGE_STANDARD = gnu11;
				GCC_NO_COMMON_BLOCKS = YES;
				GCC_WARN_64_TO_32_BIT_CONVERSION = YES;
				GCC_WARN_ABOUT_RETURN_TYPE = YES_ERROR;
				GCC_WARN_UNDECLARED_SELECTOR = YES;
				GCC_WARN_UNINITIALIZED_AUTOS = YES_AGGRESSIVE;
				GCC_WARN_UNUSED_FUNCTION = YES;
				GCC_WARN_UNUSED_VARIABLE = YES;
				IPHONEOS_DEPLOYMENT_TARGET = 14.4;
				MTL_ENABLE_DEBUG_INFO = NO;
				MTL_FAST_MATH = YES;
				SDKROOT = iphoneos;
				SWIFT_COMPILATION_MODE = wholemodule;
				SWIFT_OPTIMIZATION_LEVEL = "-O";
				VALIDATE_PRODUCT = YES;
			};
			name = Release;
		};
		9082F71325D0E321007285BB /* Debug */ = {
			isa = XCBuildConfiguration;
			buildSettings = {
				ASSETCATALOG_COMPILER_APPICON_NAME = AppIcon;
				ASSETCATALOG_COMPILER_GLOBAL_ACCENT_COLOR_NAME = AccentColor;
				CODE_SIGN_STYLE = Automatic;
				DEVELOPMENT_ASSET_PATHS = "\"NewsUI/Preview Content\"";
				DEVELOPMENT_TEAM = 277AX7YZ94;
				ENABLE_PREVIEWS = YES;
				INFOPLIST_FILE = NewsUI/Info.plist;
				LD_RUNPATH_SEARCH_PATHS = (
					"$(inherited)",
					"@executable_path/Frameworks",
				);
				PRODUCT_BUNDLE_IDENTIFIER = com.dimas.NewsUI;
				PRODUCT_NAME = "$(TARGET_NAME)";
				SWIFT_VERSION = 5.0;
				TARGETED_DEVICE_FAMILY = "1,2";
			};
			name = Debug;
		};
		9082F71425D0E321007285BB /* Release */ = {
			isa = XCBuildConfiguration;
			buildSettings = {
				ASSETCATALOG_COMPILER_APPICON_NAME = AppIcon;
				ASSETCATALOG_COMPILER_GLOBAL_ACCENT_COLOR_NAME = AccentColor;
				CODE_SIGN_STYLE = Automatic;
				DEVELOPMENT_ASSET_PATHS = "\"NewsUI/Preview Content\"";
				DEVELOPMENT_TEAM = 277AX7YZ94;
				ENABLE_PREVIEWS = YES;
				INFOPLIST_FILE = NewsUI/Info.plist;
				LD_RUNPATH_SEARCH_PATHS = (
					"$(inherited)",
					"@executable_path/Frameworks",
				);
				PRODUCT_BUNDLE_IDENTIFIER = com.dimas.NewsUI;
				PRODUCT_NAME = "$(TARGET_NAME)";
				SWIFT_VERSION = 5.0;
				TARGETED_DEVICE_FAMILY = "1,2";
			};
			name = Release;
		};
/* End XCBuildConfiguration section */

/* Begin XCConfigurationList section */
		9082F6F925D0E31D007285BB /* Build configuration list for PBXProject "NewsUI" */ = {
			isa = XCConfigurationList;
			buildConfigurations = (
				9082F71025D0E321007285BB /* Debug */,
				9082F71125D0E321007285BB /* Release */,
			);
			defaultConfigurationIsVisible = 0;
			defaultConfigurationName = Release;
		};
		9082F71225D0E321007285BB /* Build configuration list for PBXNativeTarget "NewsUI" */ = {
			isa = XCConfigurationList;
			buildConfigurations = (
				9082F71325D0E321007285BB /* Debug */,
				9082F71425D0E321007285BB /* Release */,
			);
			defaultConfigurationIsVisible = 0;
			defaultConfigurationName = Release;
		};
/* End XCConfigurationList section */

/* Begin XCRemoteSwiftPackageReference section */
		9082F71625D0E74D007285BB /* XCRemoteSwiftPackageReference "SwiftyJSON" */ = {
			isa = XCRemoteSwiftPackageReference;
			repositoryURL = "https://github.com/SwiftyJSON/SwiftyJSON.git";
			requirement = {
				kind = upToNextMajorVersion;
				minimumVersion = 5.0.0;
			};
		};
		9082F71A25D0E820007285BB /* XCRemoteSwiftPackageReference "SDWebImageSwiftUI" */ = {
			isa = XCRemoteSwiftPackageReference;
			repositoryURL = "https://github.com/SDWebImage/SDWebImageSwiftUI.git";
			requirement = {
				kind = upToNextMajorVersion;
				minimumVersion = 1.5.0;
			};
		};
/* End XCRemoteSwiftPackageReference section */

/* Begin XCSwiftPackageProductDependency section */
		9082F71725D0E74D007285BB /* SwiftyJSON */ = {
			isa = XCSwiftPackageProductDependency;
			package = 9082F71625D0E74D007285BB /* XCRemoteSwiftPackageReference "SwiftyJSON" */;
			productName = SwiftyJSON;
		};
		9082F71B25D0E820007285BB /* SDWebImageSwiftUI */ = {
			isa = XCSwiftPackageProductDependency;
			package = 9082F71A25D0E820007285BB /* XCRemoteSwiftPackageReference "SDWebImageSwiftUI" */;
			productName = SDWebImageSwiftUI;
		};
/* End XCSwiftPackageProductDependency section */
	};
	rootObject = 9082F6F625D0E31D007285BB /* Project object */;
}
